
Microsoft Visual Studio Solution File, Format Version 12.00
# Visual Studio 15
Project("{FAE04EC0-301F-11D3-BF4B-00C04F79EFBC}") = "Assembly-CSharp", "Assembly-CSharp.csproj", "{BD40FD37-E719-772D-D284-DBA850977B5C}"
EndProject
Project("{FAE04EC0-301F-11D3-BF4B-00C04F79EFBC}") = "Assembly-CSharp-Editor", "Assembly-CSharp-Editor.csproj", "{512A9362-9C26-0E28-64F7-45B88B70D96F}"
EndProject
Global
	GlobalSection(SolutionConfigurationPlatforms) = preSolution
		Debug|Any CPU = Debug|Any CPU
		Release|Any CPU = Release|Any CPU
	EndGlobalSection
	GlobalSection(ProjectConfigurationPlatforms) = postSolution
		{BD40FD37-E719-772D-D284-DBA850977B5C}.Debug|Any CPU.ActiveCfg = Debug|Any CPU
		{BD40FD37-E719-772D-D284-DBA850977B5C}.Debug|Any CPU.Build.0 = Debug|Any CPU
		{BD40FD37-E719-772D-D284-DBA850977B5C}.Release|Any CPU.ActiveCfg = Release|Any CPU
		{BD40FD37-E719-772D-D284-DBA850977B5C}.Release|Any CPU.Build.0 = Release|Any CPU
		{512A9362-9C26-0E28-64F7-45B88B70D96F}.Debug|Any CPU.ActiveCfg = Debug|Any CPU
		{512A9362-9C26-0E28-64F7-45B88B70D96F}.Debug|Any CPU.Build.0 = Debug|Any CPU
		{512A9362-9C26-0E28-64F7-45B88B70D96F}.Release|Any CPU.ActiveCfg = Release|Any CPU
		{512A9362-9C26-0E28-64F7-45B88B70D96F}.Release|Any CPU.Build.0 = Release|Any CPU
	EndGlobalSection
	GlobalSection(SolutionProperties) = preSolution
		HideSolutionNode = FALSE
	EndGlobalSection
EndGlobal
